PODS:
  - Flutter (1.0.0)
  - flutter_boost (0.0.2):
    - Flutter
  - FlutterPluginRegistrant (0.0.1):
    - Flutter
    - flutter_boost
  - jp_flutter_module (0.0.1):
    - Flutter
  - LookinServer (1.0.0)

DEPENDENCIES:
  - Flutter (from `../jp_flutter_module/.ios/Flutter/engine`)
  - flutter_boost (from `../jp_flutter_module/.ios/Flutter/.symlinks/flutter_boost/ios`)
  - FlutterPluginRegistrant (from `../jp_flutter_module/.ios/Flutter/FlutterPluginRegistrant`)
  - jp_flutter_module (from `../jp_flutter_module/.ios/Flutter`)
  - LookinServer

SPEC REPOS:
  trunk:
    - LookinServer

EXTERNAL SOURCES:
  Flutter:
    :path: "../jp_flutter_module/.ios/Flutter/engine"
  flutter_boost:
    :path: "../jp_flutter_module/.ios/Flutter/.symlinks/flutter_boost/ios"
  FlutterPluginRegistrant:
    :path: "../jp_flutter_module/.ios/Flutter/FlutterPluginRegistrant"
  jp_flutter_module:
    :path: "../jp_flutter_module/.ios/Flutter"

SPEC CHECKSUMS:
  Flutter: 0e3d915762c693b495b44d77113d4970485de6ec
  flutter_boost: a7cfa776b75329d5e7d101d0cd33e75042bcde69
  FlutterPluginRegistrant: 03a06fa5f754c611bb6c96f42acf9432e8c4515d
  jp_flutter_module: 022be9c7f92ba6da08760278a9bc5c34692dd83e
  LookinServer: 0002891cd3cec5e082a910e897dfe71b4f06b89e

PODFILE CHECKSUM: fb9cd5fe1032f18d07ff1d2809e1de3b4e19fdcc

COCOAPODS: 1.10.1
